
Microsoft Visual Studio Solution File, Format Version 12.00
# Visual Studio Version 16
VisualStudioVersion = 16.0.33328.57
MinimumVisualStudioVersion = 10.0.40219.1
Project("{FAE04EC0-301F-11D3-BF4B-00C04F79EFBC}") = "Lab 15 WpfApp СамРабота ДокПечать", "Lab 15 WpfApp СамРабота ДокПечать.csproj", "{995478C5-A583-4E93-AB57-85DDB60594B8}"
EndProject
Global
	GlobalSection(SolutionConfigurationPlatforms) = preSolution
		Debug|Any CPU = Debug|Any CPU
		Release|Any CPU = Release|Any CPU
	EndGlobalSection
	GlobalSection(ProjectConfigurationPlatforms) = postSolution
		{995478C5-A583-4E93-AB57-85DDB60594B8}.Debug|Any CPU.ActiveCfg = Debug|Any CPU
		{995478C5-A583-4E93-AB57-85DDB60594B8}.Debug|Any CPU.Build.0 = Debug|Any CPU
		{995478C5-A583-4E93-AB57-85DDB60594B8}.Release|Any CPU.ActiveCfg = Release|Any CPU
		{995478C5-A583-4E93-AB57-85DDB60594B8}.Release|Any CPU.Build.0 = Release|Any CPU
	EndGlobalSection
	GlobalSection(SolutionProperties) = preSolution
		HideSolutionNode = FALSE
	EndGlobalSection
	GlobalSection(ExtensibilityGlobals) = postSolution
		SolutionGuid = {B771CB94-AD10-4D5E-AF7E-70323252E6EE}
	EndGlobalSection
EndGlobal
